{
  "name": "frp",
  "version": "0.0.1",
  "lockfileVersion": 1,
  "requires": true,
  "dependencies": {
    "awesome-async": {
      "version": "0.1.4",
      "resolved": "https://registry.npmjs.org/awesome-async/-/awesome-async-0.1.4.tgz",
      "integrity": "sha512-ByfZb+VpieO3DTWACbDnQ8fyTjJpNaWk69+2qrYRpKnwl9sTl98QfuzMNaYOnF3p7x1ZeWd+jvCwahj5GWG7+A=="
    },
    "buffer-op": {
      "version": "0.1.7",
      "resolved": "https://registry.npmjs.org/buffer-op/-/buffer-op-0.1.7.tgz",
      "integrity": "sha512-E1hBtaRUvhqYfOqTg2mcPjvbTfkdwpcNV6oMXvzyHeXcqIB6Fk5mUq4uuYDWI/n1kliIz/SAH6l3wRezF3cZYg=="
    }
  }
}
