{
  "name": "frp",
  "version": "0.0.1",
  "lockfileVersion": 1,
  "requires": true,
  "dependencies": {
    "awesome-async": {
      "version": "0.1.4",
      "resolved": "https://registry.npmjs.org/awesome-async/-/awesome-async-0.1.4.tgz",
      "integrity": "sha512-ByfZb+VpieO3DTWACbDnQ8fyTjJpNaWk69+2qrYRpKnwl9sTl98QfuzMNaYOnF3p7x1ZeWd+jvCwahj5GWG7+A=="
    },
    "buffer-op": {
      "version": "0.1.8",
      "resolved": "https://registry.npmjs.org/buffer-op/-/buffer-op-0.1.8.tgz",
      "integrity": "sha512-6TpWh+eG1RbDLVH5x/1ja5/0BKjCcO2NpU7XTDL0e36d0exP9T03/JBlBbSqOIdAS3U05FSdWVIB8cQ5dtmI7g=="
    }
  }
}
